
Microsoft Visual Studio Solution File, Format Version 12.00
# Visual Studio Version 17
VisualStudioVersion = 17.3.32922.545
MinimumVisualStudioVersion = 10.0.40219.1
Project("{FAE04EC0-301F-11D3-BF4B-00C04F79EFBC}") = "CSVNewLineToComma", "CSVNewLineToComma.csproj", "{BD468D7C-03CF-4194-8CDF-BCDADA534549}"
EndProject
Global
	GlobalSection(SolutionConfigurationPlatforms) = preSolution
		Debug|Any CPU = Debug|Any CPU
		Release|Any CPU = Release|Any CPU
	EndGlobalSection
	GlobalSection(ProjectConfigurationPlatforms) = postSolution
		{BD468D7C-03CF-4194-8CDF-BCDADA534549}.Debug|Any CPU.ActiveCfg = Debug|Any CPU
		{BD468D7C-03CF-4194-8CDF-BCDADA534549}.Debug|Any CPU.Build.0 = Debug|Any CPU
		{BD468D7C-03CF-4194-8CDF-BCDADA534549}.Release|Any CPU.ActiveCfg = Release|Any CPU
		{BD468D7C-03CF-4194-8CDF-BCDADA534549}.Release|Any CPU.Build.0 = Release|Any CPU
	EndGlobalSection
	GlobalSection(SolutionProperties) = preSolution
		HideSolutionNode = FALSE
	EndGlobalSection
	GlobalSection(ExtensibilityGlobals) = postSolution
		SolutionGuid = {A611D003-958B-4561-90A1-F17ABCCCA9DF}
	EndGlobalSection
EndGlobal
